// !$*UTF8*$!
{
	archiveVersion = 1;
	classes = {
	};
	objectVersion = 50;
	objects = {

/* Begin PBXBuildFile section */
		EAE6B2D423BEEB6A008154BE /* AppDelegate.swift in Sources */ = {isa = PBXBuildFile; fileRef = EAE6B2D323BEEB6A008154BE /* AppDelegate.swift */; };
		EAE6B2D623BEEB6A008154BE /* SceneDelegate.swift in Sources */ = {isa = PBXBuildFile; fileRef = EAE6B2D523BEEB6A008154BE /* SceneDelegate.swift */; };
		EAE6B2D823BEEB6A008154BE /* ContentView.swift in Sources */ = {isa = PBXBuildFile; fileRef = EAE6B2D723BEEB6A008154BE /* ContentView.swift */; };
		EAE6B2DA23BEEB6C008154BE /* Assets.xcassets in Resources */ = {isa = PBXBuildFile; fileRef = EAE6B2D923BEEB6C008154BE /* Assets.xcassets */; };
		EAE6B2DD23BEEB6C008154BE /* Preview Assets.xcassets in Resources */ = {isa = PBXBuildFile; fileRef = EAE6B2DC23BEEB6C008154BE /* Preview Assets.xcassets */; };
		EAE6B2E023BEEB6C008154BE /* LaunchScreen.storyboard in Resources */ = {isa = PBXBuildFile; fileRef = EAE6B2DE23BEEB6C008154BE /* LaunchScreen.storyboard */; };
		EAE6B2EB23BEEBE2008154BE /* Store.swift in Sources */ = {isa = PBXBuildFile; fileRef = EAE6B2EA23BEEBE2008154BE /* Store.swift */; };
		EAE6B2ED23BEEBFB008154BE /* AppState.swift in Sources */ = {isa = PBXBuildFile; fileRef = EAE6B2EC23BEEBFB008154BE /* AppState.swift */; };
		EAE6B2EF23BEEC11008154BE /* AppAction.swift in Sources */ = {isa = PBXBuildFile; fileRef = EAE6B2EE23BEEC11008154BE /* AppAction.swift */; };
		EAE6B2F123BEEC1F008154BE /* AppError.swift in Sources */ = {isa = PBXBuildFile; fileRef = EAE6B2F023BEEC1F008154BE /* AppError.swift */; };
		EAE6B2F323BEEC37008154BE /* AppCommand.swift in Sources */ = {isa = PBXBuildFile; fileRef = EAE6B2F223BEEC37008154BE /* AppCommand.swift */; };
		EAE6B2F623BEEEB1008154BE /* User.swift in Sources */ = {isa = PBXBuildFile; fileRef = EAE6B2F523BEEEB1008154BE /* User.swift */; };
		EAE6B2F823BF16C5008154BE /* LoginView.swift in Sources */ = {isa = PBXBuildFile; fileRef = EAE6B2F723BF16C5008154BE /* LoginView.swift */; };
		EAE6B2FB23BF1C02008154BE /* LoginRequest.swift in Sources */ = {isa = PBXBuildFile; fileRef = EAE6B2FA23BF1C02008154BE /* LoginRequest.swift */; };
		EAE6B2FE23BF2905008154BE /* Helpers.swift in Sources */ = {isa = PBXBuildFile; fileRef = EAE6B2FD23BF2905008154BE /* Helpers.swift */; };
		EAE6B30023BF2CD4008154BE /* EmailCheckingRequest.swift in Sources */ = {isa = PBXBuildFile; fileRef = EAE6B2FF23BF2CD4008154BE /* EmailCheckingRequest.swift */; };
		EAE6B30223BF42DF008154BE /* RegisterRequest.swift in Sources */ = {isa = PBXBuildFile; fileRef = EAE6B30123BF42DF008154BE /* RegisterRequest.swift */; };
/* End PBXBuildFile section */

/* Begin PBXFileReference section */
		EAE6B2D023BEEB6A008154BE /* ReduxSwiftUISample.app */ = {isa = PBXFileReference; explicitFileType = wrapper.application; includeInIndex = 0; path = ReduxSwiftUISample.app; sourceTree = BUILT_PRODUCTS_DIR; };
		EAE6B2D323BEEB6A008154BE /* AppDelegate.swift */ = {isa = PBXFileReference; lastKnownFileType = sourcecode.swift; path = AppDelegate.swift; sourceTree = "<group>"; };
		EAE6B2D523BEEB6A008154BE /* SceneDelegate.swift */ = {isa = PBXFileReference; lastKnownFileType = sourcecode.swift; path = SceneDelegate.swift; sourceTree = "<group>"; };
		EAE6B2D723BEEB6A008154BE /* ContentView.swift */ = {isa = PBXFileReference; lastKnownFileType = sourcecode.swift; path = ContentView.swift; sourceTree = "<group>"; };
		EAE6B2D923BEEB6C008154BE /* Assets.xcassets */ = {isa = PBXFileReference; lastKnownFileType = folder.assetcatalog; path = Assets.xcassets; sourceTree = "<group>"; };
		EAE6B2DC23BEEB6C008154BE /* Preview Assets.xcassets */ = {isa = PBXFileReference; lastKnownFileType = folder.assetcatalog; path = "Preview Assets.xcassets"; sourceTree = "<group>"; };
		EAE6B2DF23BEEB6C008154BE /* Base */ = {isa = PBXFileReference; lastKnownFileType = file.storyboard; name = Base; path = Base.lproj/LaunchScreen.storyboard; sourceTree = "<group>"; };
		EAE6B2E123BEEB6C008154BE /* Info.plist */ = {isa = PBXFileReference; lastKnownFileType = text.plist.xml; path = Info.plist; sourceTree = "<group>"; };
		EAE6B2EA23BEEBE2008154BE /* Store.swift */ = {isa = PBXFileReference; lastKnownFileType = sourcecode.swift; path = Store.swift; sourceTree = "<group>"; };
		EAE6B2EC23BEEBFB008154BE /* AppState.swift */ = {isa = PBXFileReference; lastKnownFileType = sourcecode.swift; path = AppState.swift; sourceTree = "<group>"; };
		EAE6B2EE23BEEC11008154BE /* AppAction.swift */ = {isa = PBXFileReference; lastKnownFileType = sourcecode.swift; path = AppAction.swift; sourceTree = "<group>"; };
		EAE6B2F023BEEC1F008154BE /* AppError.swift */ = {isa = PBXFileReference; lastKnownFileType = sourcecode.swift; path = AppError.swift; sourceTree = "<group>"; };
		EAE6B2F223BEEC37008154BE /* AppCommand.swift */ = {isa = PBXFileReference; lastKnownFileType = sourcecode.swift; path = AppCommand.swift; sourceTree = "<group>"; };
		EAE6B2F523BEEEB1008154BE /* User.swift */ = {isa = PBXFileReference; lastKnownFileType = sourcecode.swift; path = User.swift; sourceTree = "<group>"; };
		EAE6B2F723BF16C5008154BE /* LoginView.swift */ = {isa = PBXFileReference; lastKnownFileType = sourcecode.swift; path = LoginView.swift; sourceTree = "<group>"; };
		EAE6B2FA23BF1C02008154BE /* LoginRequest.swift */ = {isa = PBXFileReference; lastKnownFileType = sourcecode.swift; path = LoginRequest.swift; sourceTree = "<group>"; };
		EAE6B2FD23BF2905008154BE /* Helpers.swift */ = {isa = PBXFileReference; lastKnownFileType = sourcecode.swift; path = Helpers.swift; sourceTree = "<group>"; };
		EAE6B2FF23BF2CD4008154BE /* EmailCheckingRequest.swift */ = {isa = PBXFileReference; lastKnownFileType = sourcecode.swift; path = EmailCheckingRequest.swift; sourceTree = "<group>"; };
		EAE6B30123BF42DF008154BE /* RegisterRequest.swift */ = {isa = PBXFileReference; lastKnownFileType = sourcecode.swift; path = RegisterRequest.swift; sourceTree = "<group>"; };
/* End PBXFileReference section */

/* Begin PBXFrameworksBuildPhase section */
		EAE6B2CD23BEEB6A008154BE /* Frameworks */ = {
			isa = PBXFrameworksBuildPhase;
			buildActionMask = 2147483647;
			files = (
			);
			runOnlyForDeploymentPostprocessing = 0;
		};
/* End PBXFrameworksBuildPhase section */

/* Begin PBXGroup section */
		EAE6B2C723BEEB6A008154BE = {
			isa = PBXGroup;
			children = (
				EAE6B2D223BEEB6A008154BE /* ReduxSwiftUISample */,
				EAE6B2D123BEEB6A008154BE /* Products */,
			);
			sourceTree = "<group>";
		};
		EAE6B2D123BEEB6A008154BE /* Products */ = {
			isa = PBXGroup;
			children = (
				EAE6B2D023BEEB6A008154BE /* ReduxSwiftUISample.app */,
			);
			name = Products;
			sourceTree = "<group>";
		};
		EAE6B2D223BEEB6A008154BE /* ReduxSwiftUISample */ = {
			isa = PBXGroup;
			children = (
				EAE6B2E723BEEBA6008154BE /* State */,
				EAE6B2E923BEEBC9008154BE /* View */,
				EAE6B2F423BEEE88008154BE /* Model */,
				EAE6B2FC23BF28E9008154BE /* Utils */,
				EAE6B2D323BEEB6A008154BE /* AppDelegate.swift */,
				EAE6B2D523BEEB6A008154BE /* SceneDelegate.swift */,
				EAE6B2D723BEEB6A008154BE /* ContentView.swift */,
				EAE6B2D923BEEB6C008154BE /* Assets.xcassets */,
				EAE6B2DE23BEEB6C008154BE /* LaunchScreen.storyboard */,
				EAE6B2E123BEEB6C008154BE /* Info.plist */,
				EAE6B2DB23BEEB6C008154BE /* Preview Content */,
			);
			path = ReduxSwiftUISample;
			sourceTree = "<group>";
		};
		EAE6B2DB23BEEB6C008154BE /* Preview Content */ = {
			isa = PBXGroup;
			children = (
				EAE6B2DC23BEEB6C008154BE /* Preview Assets.xcassets */,
			);
			path = "Preview Content";
			sourceTree = "<group>";
		};
		EAE6B2E723BEEBA6008154BE /* State */ = {
			isa = PBXGroup;
			children = (
				EAE6B2E823BEEBBC008154BE /* DataFlow */,
				EAE6B2F923BF1BE5008154BE /* Networking */,
			);
			path = State;
			sourceTree = "<group>";
		};
		EAE6B2E823BEEBBC008154BE /* DataFlow */ = {
			isa = PBXGroup;
			children = (
				EAE6B2EA23BEEBE2008154BE /* Store.swift */,
				EAE6B2EC23BEEBFB008154BE /* AppState.swift */,
				EAE6B2EE23BEEC11008154BE /* AppAction.swift */,
				EAE6B2F223BEEC37008154BE /* AppCommand.swift */,
				EAE6B2F023BEEC1F008154BE /* AppError.swift */,
			);
			path = DataFlow;
			sourceTree = "<group>";
		};
		EAE6B2E923BEEBC9008154BE /* View */ = {
			isa = PBXGroup;
			children = (
				EAE6B2F723BF16C5008154BE /* LoginView.swift */,
			);
			path = View;
			sourceTree = "<group>";
		};
		EAE6B2F423BEEE88008154BE /* Model */ = {
			isa = PBXGroup;
			children = (
				EAE6B2F523BEEEB1008154BE /* User.swift */,
			);
			path = Model;
			sourceTree = "<group>";
		};
		EAE6B2F923BF1BE5008154BE /* Networking */ = {
			isa = PBXGroup;
			children = (
				EAE6B30123BF42DF008154BE /* RegisterRequest.swift */,
				EAE6B2FA23BF1C02008154BE /* LoginRequest.swift */,
				EAE6B2FF23BF2CD4008154BE /* EmailCheckingRequest.swift */,
			);
			path = Networking;
			sourceTree = "<group>";
		};
		EAE6B2FC23BF28E9008154BE /* Utils */ = {
			isa = PBXGroup;
			children = (
				EAE6B2FD23BF2905008154BE /* Helpers.swift */,
			);
			path = Utils;
			sourceTree = "<group>";
		};
/* End PBXGroup section */

/* Begin PBXNativeTarget section */
		EAE6B2CF23BEEB6A008154BE /* ReduxSample */ = {
			isa = PBXNativeTarget;
			buildConfigurationList = EAE6B2E423BEEB6C008154BE /* Build configuration list for PBXNativeTarget "ReduxSample" */;
			buildPhases = (
				EAE6B2CC23BEEB6A008154BE /* Sources */,
				EAE6B2CD23BEEB6A008154BE /* Frameworks */,
				EAE6B2CE23BEEB6A008154BE /* Resources */,
			);
			buildRules = (
			);
			dependencies = (
			);
			name = ReduxSample;
			productName = ReduxSample;
			productReference = EAE6B2D023BEEB6A008154BE /* ReduxSwiftUISample.app */;
			productType = "com.apple.product-type.application";
		};
/* End PBXNativeTarget section */

/* Begin PBXProject section */
		EAE6B2C823BEEB6A008154BE /* Project object */ = {
			isa = PBXProject;
			attributes = {
				LastSwiftUpdateCheck = 1120;
				LastUpgradeCheck = 1120;
				ORGANIZATIONNAME = tony;
				TargetAttributes = {
					EAE6B2CF23BEEB6A008154BE = {
						CreatedOnToolsVersion = 11.2.1;
					};
				};
			};
			buildConfigurationList = EAE6B2CB23BEEB6A008154BE /* Build configuration list for PBXProject "ReduxSwiftUISample" */;
			compatibilityVersion = "Xcode 9.3";
			developmentRegion = en;
			hasScannedForEncodings = 0;
			knownRegions = (
				en,
				Base,
			);
			mainGroup = EAE6B2C723BEEB6A008154BE;
			productRefGroup = EAE6B2D123BEEB6A008154BE /* Products */;
			projectDirPath = "";
			projectRoot = "";
			targets = (
				EAE6B2CF23BEEB6A008154BE /* ReduxSample */,
			);
		};
/* End PBXProject section */

/* Begin PBXResourcesBuildPhase section */
		EAE6B2CE23BEEB6A008154BE /* Resources */ = {
			isa = PBXResourcesBuildPhase;
			buildActionMask = 2147483647;
			files = (
				EAE6B2E023BEEB6C008154BE /* LaunchScreen.storyboard in Resources */,
				EAE6B2DD23BEEB6C008154BE /* Preview Assets.xcassets in Resources */,
				EAE6B2DA23BEEB6C008154BE /* Assets.xcassets in Resources */,
			);
			runOnlyForDeploymentPostprocessing = 0;
		};
/* End PBXResourcesBuildPhase section */

/* Begin PBXSourcesBuildPhase section */
		EAE6B2CC23BEEB6A008154BE /* Sources */ = {
			isa = PBXSourcesBuildPhase;
			buildActionMask = 2147483647;
			files = (
				EAE6B2D423BEEB6A008154BE /* AppDelegate.swift in Sources */,
				EAE6B2EF23BEEC11008154BE /* AppAction.swift in Sources */,
				EAE6B30023BF2CD4008154BE /* EmailCheckingRequest.swift in Sources */,
				EAE6B2ED23BEEBFB008154BE /* AppState.swift in Sources */,
				EAE6B30223BF42DF008154BE /* RegisterRequest.swift in Sources */,
				EAE6B2F323BEEC37008154BE /* AppCommand.swift in Sources */,
				EAE6B2D623BEEB6A008154BE /* SceneDelegate.swift in Sources */,
				EAE6B2F623BEEEB1008154BE /* User.swift in Sources */,
				EAE6B2D823BEEB6A008154BE /* ContentView.swift in Sources */,
				EAE6B2FE23BF2905008154BE /* Helpers.swift in Sources */,
				EAE6B2EB23BEEBE2008154BE /* Store.swift in Sources */,
				EAE6B2F823BF16C5008154BE /* LoginView.swift in Sources */,
				EAE6B2F123BEEC1F008154BE /* AppError.swift in Sources */,
				EAE6B2FB23BF1C02008154BE /* LoginRequest.swift in Sources */,
			);
			runOnlyForDeploymentPostprocessing = 0;
		};
/* End PBXSourcesBuildPhase section */

/* Begin PBXVariantGroup section */
		EAE6B2DE23BEEB6C008154BE /* LaunchScreen.storyboard */ = {
			isa = PBXVariantGroup;
			children = (
				EAE6B2DF23BEEB6C008154BE /* Base */,
			);
			name = LaunchScreen.storyboard;
			sourceTree = "<group>";
		};
/* End PBXVariantGroup section */

/* Begin XCBuildConfiguration section */
		EAE6B2E223BEEB6C008154BE /* Debug */ = {
			isa = XCBuildConfiguration;
			buildSettings = {
				ALWAYS_SEARCH_USER_PATHS = NO;
				CLANG_ANALYZER_NONNULL = YES;
				CLANG_ANALYZER_NUMBER_OBJECT_CONVERSION = YES_AGGRESSIVE;
				CLANG_CXX_LANGUAGE_STANDARD = "gnu++14";
				CLANG_CXX_LIBRARY = "libc++";
				CLANG_ENABLE_MODULES = YES;
				CLANG_ENABLE_OBJC_ARC = YES;
				CLANG_ENABLE_OBJC_WEAK = YES;
				CLANG_WARN_BLOCK_CAPTURE_AUTORELEASING = YES;
				CLANG_WARN_BOOL_CONVERSION = YES;
				CLANG_WARN_COMMA = YES;
				CLANG_WARN_CONSTANT_CONVERSION = YES;
				CLANG_WARN_DEPRECATED_OBJC_IMPLEMENTATIONS = YES;
				CLANG_WARN_DIRECT_OBJC_ISA_USAGE = YES_ERROR;
				CLANG_WARN_DOCUMENTATION_COMMENTS = YES;
				CLANG_WARN_EMPTY_BODY = YES;
				CLANG_WARN_ENUM_CONVERSION = YES;
				CLANG_WARN_INFINITE_RECURSION = YES;
				CLANG_WARN_INT_CONVERSION = YES;
				CLANG_WARN_NON_LITERAL_NULL_CONVERSION = YES;
				CLANG_WARN_OBJC_IMPLICIT_RETAIN_SELF = YES;
				CLANG_WARN_OBJC_LITERAL_CONVERSION = YES;
				CLANG_WARN_OBJC_ROOT_CLASS = YES_ERROR;
				CLANG_WARN_RANGE_LOOP_ANALYSIS = YES;
				CLANG_WARN_STRICT_PROTOTYPES = YES;
				CLANG_WARN_SUSPICIOUS_MOVE = YES;
				CLANG_WARN_UNGUARDED_AVAILABILITY = YES_AGGRESSIVE;
				CLANG_WARN_UNREACHABLE_CODE = YES;
				CLANG_WARN__DUPLICATE_METHOD_MATCH = YES;
				COPY_PHASE_STRIP = NO;
				DEBUG_INFORMATION_FORMAT = dwarf;
				ENABLE_STRICT_OBJC_MSGSEND = YES;
				ENABLE_TESTABILITY = YES;
				GCC_C_LANGUAGE_STANDARD = gnu11;
				GCC_DYNAMIC_NO_PIC = NO;
				GCC_NO_COMMON_BLOCKS = YES;
				GCC_OPTIMIZATION_LEVEL = 0;
				GCC_PREPROCESSOR_DEFINITIONS = (
					"DEBUG=1",
					"$(inherited)",
				);
				GCC_WARN_64_TO_32_BIT_CONVERSION = YES;
				GCC_WARN_ABOUT_RETURN_TYPE = YES_ERROR;
				GCC_WARN_UNDECLARED_SELECTOR = YES;
				GCC_WARN_UNINITIALIZED_AUTOS = YES_AGGRESSIVE;
				GCC_WARN_UNUSED_FUNCTION = YES;
				GCC_WARN_UNUSED_VARIABLE = YES;
				IPHONEOS_DEPLOYMENT_TARGET = 13.2;
				MTL_ENABLE_DEBUG_INFO = INCLUDE_SOURCE;
				MTL_FAST_MATH = YES;
				ONLY_ACTIVE_ARCH = YES;
				SDKROOT = iphoneos;
				SWIFT_ACTIVE_COMPILATION_CONDITIONS = DEBUG;
				SWIFT_OPTIMIZATION_LEVEL = "-Onone";
			};
			name = Debug;
		};
		EAE6B2E323BEEB6C008154BE /* Release */ = {
			isa = XCBuildConfiguration;
			buildSettings = {
				ALWAYS_SEARCH_USER_PATHS = NO;
				CLANG_ANALYZER_NONNULL = YES;
				CLANG_ANALYZER_NUMBER_OBJECT_CONVERSION = YES_AGGRESSIVE;
				CLANG_CXX_LANGUAGE_STANDARD = "gnu++14";
				CLANG_CXX_LIBRARY = "libc++";
				CLANG_ENABLE_MODULES = YES;
				CLANG_ENABLE_OBJC_ARC = YES;
				CLANG_ENABLE_OBJC_WEAK = YES;
				CLANG_WARN_BLOCK_CAPTURE_AUTORELEASING = YES;
				CLANG_WARN_BOOL_CONVERSION = YES;
				CLANG_WARN_COMMA = YES;
				CLANG_WARN_CONSTANT_CONVERSION = YES;
				CLANG_WARN_DEPRECATED_OBJC_IMPLEMENTATIONS = YES;
				CLANG_WARN_DIRECT_OBJC_ISA_USAGE = YES_ERROR;
				CLANG_WARN_DOCUMENTATION_COMMENTS = YES;
				CLANG_WARN_EMPTY_BODY = YES;
				CLANG_WARN_ENUM_CONVERSION = YES;
				CLANG_WARN_INFINITE_RECURSION = YES;
				CLANG_WARN_INT_CONVERSION = YES;
				CLANG_WARN_NON_LITERAL_NULL_CONVERSION = YES;
				CLANG_WARN_OBJC_IMPLICIT_RETAIN_SELF = YES;
				CLANG_WARN_OBJC_LITERAL_CONVERSION = YES;
				CLANG_WARN_OBJC_ROOT_CLASS = YES_ERROR;
				CLANG_WARN_RANGE_LOOP_ANALYSIS = YES;
				CLANG_WARN_STRICT_PROTOTYPES = YES;
				CLANG_WARN_SUSPICIOUS_MOVE = YES;
				CLANG_WARN_UNGUARDED_AVAILABILITY = YES_AGGRESSIVE;
				CLANG_WARN_UNREACHABLE_CODE = YES;
				CLANG_WARN__DUPLICATE_METHOD_MATCH = YES;
				COPY_PHASE_STRIP = NO;
				DEBUG_INFORMATION_FORMAT = "dwarf-with-dsym";
				ENABLE_NS_ASSERTIONS = NO;
				ENABLE_STRICT_OBJC_MSGSEND = YES;
				GCC_C_LANGUAGE_STANDARD = gnu11;
				GCC_NO_COMMON_BLOCKS = YES;
				GCC_WARN_64_TO_32_BIT_CONVERSION = YES;
				GCC_WARN_ABOUT_RETURN_TYPE = YES_ERROR;
				GCC_WARN_UNDECLARED_SELECTOR = YES;
				GCC_WARN_UNINITIALIZED_AUTOS = YES_AGGRESSIVE;
				GCC_WARN_UNUSED_FUNCTION = YES;
				GCC_WARN_UNUSED_VARIABLE = YES;
				IPHONEOS_DEPLOYMENT_TARGET = 13.2;
				MTL_ENABLE_DEBUG_INFO = NO;
				MTL_FAST_MATH = YES;
				SDKROOT = iphoneos;
				SWIFT_COMPILATION_MODE = wholemodule;
				SWIFT_OPTIMIZATION_LEVEL = "-O";
				VALIDATE_PRODUCT = YES;
			};
			name = Release;
		};
		EAE6B2E523BEEB6C008154BE /* Debug */ = {
			isa = XCBuildConfiguration;
			buildSettings = {
				ASSETCATALOG_COMPILER_APPICON_NAME = AppIcon;
				CODE_SIGN_STYLE = Automatic;
				DEVELOPMENT_ASSET_PATHS = "\"ReduxSwiftUISample/Preview Content\"";
				ENABLE_PREVIEWS = YES;
				INFOPLIST_FILE = ReduxSwiftUISample/Info.plist;
				LD_RUNPATH_SEARCH_PATHS = (
					"$(inherited)",
					"@executable_path/Frameworks",
				);
				PRODUCT_BUNDLE_IDENTIFIER = tony.ReduxSwiftUISample;
				PRODUCT_NAME = ReduxSwiftUISample;
				SWIFT_VERSION = 5.0;
				TARGETED_DEVICE_FAMILY = "1,2";
			};
			name = Debug;
		};
		EAE6B2E623BEEB6C008154BE /* Release */ = {
			isa = XCBuildConfiguration;
			buildSettings = {
				ASSETCATALOG_COMPILER_APPICON_NAME = AppIcon;
				CODE_SIGN_STYLE = Automatic;
				DEVELOPMENT_ASSET_PATHS = "\"ReduxSwiftUISample/Preview Content\"";
				ENABLE_PREVIEWS = YES;
				INFOPLIST_FILE = ReduxSwiftUISample/Info.plist;
				LD_RUNPATH_SEARCH_PATHS = (
					"$(inherited)",
					"@executable_path/Frameworks",
				);
				PRODUCT_BUNDLE_IDENTIFIER = tony.ReduxSwiftUISample;
				PRODUCT_NAME = ReduxSwiftUISample;
				SWIFT_VERSION = 5.0;
				TARGETED_DEVICE_FAMILY = "1,2";
			};
			name = Release;
		};
/* End XCBuildConfiguration section */

/* Begin XCConfigurationList section */
		EAE6B2CB23BEEB6A008154BE /* Build configuration list for PBXProject "ReduxSwiftUISample" */ = {
			isa = XCConfigurationList;
			buildConfigurations = (
				EAE6B2E223BEEB6C008154BE /* Debug */,
				EAE6B2E323BEEB6C008154BE /* Release */,
			);
			defaultConfigurationIsVisible = 0;
			defaultConfigurationName = Release;
		};
		EAE6B2E423BEEB6C008154BE /* Build configuration list for PBXNativeTarget "ReduxSample" */ = {
			isa = XCConfigurationList;
			buildConfigurations = (
				EAE6B2E523BEEB6C008154BE /* Debug */,
				EAE6B2E623BEEB6C008154BE /* Release */,
			);
			defaultConfigurationIsVisible = 0;
			defaultConfigurationName = Release;
		};
/* End XCConfigurationList section */
	};
	rootObject = EAE6B2C823BEEB6A008154BE /* Project object */;
}
